
Microsoft Visual Studio Solution File, Format Version 12.00
# Visual Studio Version 16
VisualStudioVersion = 16.0.30523.141
MinimumVisualStudioVersion = 10.0.40219.1
Project("{8BC9CEB8-8B4A-11D0-8D11-00A0C91BC942}") = "Project1", "Project1\Project1.vcxproj", "{DA80E7F4-D872-4EB7-BBD6-0E74F490400B}"
EndProject
Global
	GlobalSection(SolutionConfigurationPlatforms) = preSolution
		Debug|x64 = Debug|x64
		Debug|x86 = Debug|x86
		Release|x64 = Release|x64
		Release|x86 = Release|x86
	EndGlobalSection
	GlobalSection(ProjectConfigurationPlatforms) = postSolution
		{DA80E7F4-D872-4EB7-BBD6-0E74F490400B}.Debug|x64.ActiveCfg = Debug|x64
		{DA80E7F4-D872-4EB7-BBD6-0E74F490400B}.Debug|x64.Build.0 = Debug|x64
		{DA80E7F4-D872-4EB7-BBD6-0E74F490400B}.Debug|x86.ActiveCfg = Debug|Win32
		{DA80E7F4-D872-4EB7-BBD6-0E74F490400B}.Debug|x86.Build.0 = Debug|Win32
		{DA80E7F4-D872-4EB7-BBD6-0E74F490400B}.Release|x64.ActiveCfg = Release|x64
		{DA80E7F4-D872-4EB7-BBD6-0E74F490400B}.Release|x64.Build.0 = Release|x64
		{DA80E7F4-D872-4EB7-BBD6-0E74F490400B}.Release|x86.ActiveCfg = Release|Win32
		{DA80E7F4-D872-4EB7-BBD6-0E74F490400B}.Release|x86.Build.0 = Release|Win32
	EndGlobalSection
	GlobalSection(SolutionProperties) = preSolution
		HideSolutionNode = FALSE
	EndGlobalSection
	GlobalSection(ExtensibilityGlobals) = postSolution
		SolutionGuid = {A42AAAC1-577D-4974-9163-5831837E7A89}
	EndGlobalSection
EndGlobal
